PODS:
  - Embassy (4.0.0)
  - Succulent (0.3.1):
    - Embassy

DEPENDENCIES:
  - Succulent (from `../`)

EXTERNAL SOURCES:
  Succulent:
    :path: ../

SPEC CHECKSUMS:
  Embassy: a01efce4e30c1c6a3c19e6aa27e1b75ca0e1efd3
  Succulent: 1156e507984a92a65e09fcd1c1bbb4c900eec310

PODFILE CHECKSUM: 7cd1cfcf6f8a40e41dceed9093f40f64c15e361d

COCOAPODS: 1.3.1
