PODS:
  - Embassy (4.0.8)
  - Succulent (0.3.3):
    - Embassy (~> 4.0.8)

DEPENDENCIES:
  - Succulent (from `../`)

SPEC REPOS:
  https://github.com/cocoapods/specs.git:
    - Embassy

EXTERNAL SOURCES:
  Succulent:
    :path: "../"

SPEC CHECKSUMS:
  Embassy: fe6a3f8dd2d705881c172dcb144fb97b9408f4cd
  Succulent: 08c55d4a2430f9a493f9107d42ba327a28bddb67

PODFILE CHECKSUM: 7cd1cfcf6f8a40e41dceed9093f40f64c15e361d

COCOAPODS: 1.5.3
